
Microsoft Visual Studio Solution File, Format Version 12.00
# Visual Studio Version 17
VisualStudioVersion = 17.14.36429.23
MinimumVisualStudioVersion = 10.0.40219.1
Project("{2150E333-8FDC-42A3-9474-1A3956D46DE8}") = "Task0", "Task0", "{02EA681E-C7D8-13C7-8484-4AC65E1B71E8}"
EndProject
Project("{FAE04EC0-301F-11D3-BF4B-00C04F79EFBC}") = "Tyuiu.PlatonovMV.Sprint2.Task0.V24", "Tyuiu.PlatonovMV.Sprint2.Task0.V24\Tyuiu.PlatonovMV.Sprint2.Task0.V24.csproj", "{2168742F-3A38-48E9-9CA7-9D2E8CA5280E}"
EndProject
Project("{FAE04EC0-301F-11D3-BF4B-00C04F79EFBC}") = "Tyuiu.PlatonovMV.Sprint2.Task0.V24.Lib", "Tyuiu.PlatonovMV.Sprint2.Task0.V24.Lib\Tyuiu.PlatonovMV.Sprint2.Task0.V24.Lib.csproj", "{F8CEFB29-0403-44E1-8AEC-5DE8E92647DC}"
EndProject
Project("{FAE04EC0-301F-11D3-BF4B-00C04F79EFBC}") = "Tyuiu.PlatonovMV.Sprint2.Task0.V24.Test", "Tyuiu.PlatonovMV.Sprint2.Task0.V24.Test\Tyuiu.PlatonovMV.Sprint2.Task0.V24.Test.csproj", "{EB2C9B97-2782-4008-9C12-6CA660AE023D}"
EndProject
Project("{2150E333-8FDC-42A3-9474-1A3956D46DE8}") = "Task1", "Task1", "{ED28D9C9-CFE2-40B5-978C-DD159B01BA34}"
EndProject
Project("{FAE04EC0-301F-11D3-BF4B-00C04F79EFBC}") = "Tyuiu.PlatonovMV.Sprint2.Task1.V1.Test", "Tyuiu.PlatonovMV.Sprint2.Task1.V1.Test\Tyuiu.PlatonovMV.Sprint2.Task1.V1.Test.csproj", "{ACF77832-C71C-4BF9-9CC6-397D8EE6A9D5}"
EndProject
Project("{FAE04EC0-301F-11D3-BF4B-00C04F79EFBC}") = "Tyuiu.PlatonovMV.Sprint2.Task1.V1.Lib", "Tyuiu.PlatonovMV.Sprint2.Task1.V1.Lib\Tyuiu.PlatonovMV.Sprint2.Task1.V1.Lib.csproj", "{A1ACB652-2609-4F28-9CCC-E74CD726563B}"
EndProject
Project("{FAE04EC0-301F-11D3-BF4B-00C04F79EFBC}") = "Tyuiu.PlatonovMV.Sprint2.Task1.V1", "Tyuiu.PlatonovMV.Sprint2.Task1.V1\Tyuiu.PlatonovMV.Sprint2.Task1.V1.csproj", "{381F140D-F374-4F01-B048-F439C738C91E}"
EndProject
Project("{2150E333-8FDC-42A3-9474-1A3956D46DE8}") = "Task2", "Task2", "{F205AEA6-AD97-4295-A9C4-8C628F2DAA35}"
EndProject
Project("{FAE04EC0-301F-11D3-BF4B-00C04F79EFBC}") = "Tyuiu.PlatonovMV.Sprint2.Task2.V11", "Tyuiu.PlatonovMV.Sprint2.Task2.V11\Tyuiu.PlatonovMV.Sprint2.Task2.V11.csproj", "{8642FCA6-99C0-418A-A607-C00A62AB5F06}"
EndProject
Project("{FAE04EC0-301F-11D3-BF4B-00C04F79EFBC}") = "Tyuiu.PlatonovMV.Sprint2.Task2.V11.Lib", "Tyuiu.PlatonovMV.Sprint2.Task2.V11.Lib\Tyuiu.PlatonovMV.Sprint2.Task2.V11.Lib.csproj", "{78B3EF17-4328-44B4-9316-2D3E4C79B9E9}"
EndProject
Project("{FAE04EC0-301F-11D3-BF4B-00C04F79EFBC}") = "Tyuiu.PlatonovMV.Sprint2.Task2.V11.Test", "Tyuiu.PlatonovMV.Sprint2.Task2.V11.Test\Tyuiu.PlatonovMV.Sprint2.Task2.V11.Test.csproj", "{7C8FA287-8A49-4E81-983E-7465768E62A0}"
EndProject
Project("{2150E333-8FDC-42A3-9474-1A3956D46DE8}") = "Task3", "Task3", "{5907661B-4419-4B28-82BC-EFB39935CA87}"
EndProject
Project("{FAE04EC0-301F-11D3-BF4B-00C04F79EFBC}") = "Tyuiu.PlatonovMV.Sprint2.Task3.V1.Test", "Tyuiu.PlatonovMV.Sprint2.Task3.V1.Test\Tyuiu.PlatonovMV.Sprint2.Task3.V1.Test.csproj", "{36D4C83B-4355-44F0-B475-EF45E44A3724}"
EndProject
Project("{FAE04EC0-301F-11D3-BF4B-00C04F79EFBC}") = "Tyuiu.PlatonovMV.Sprint2.Task3.V1", "Tyuiu.PlatonovMV.Sprint2.Task3.V1\Tyuiu.PlatonovMV.Sprint2.Task3.V1.csproj", "{3EEF7B4B-F8E4-49FD-94A5-73D97094E889}"
EndProject
Project("{FAE04EC0-301F-11D3-BF4B-00C04F79EFBC}") = "Tyuiu.PlatonovMV.Sprint2.Task3.V1.Lib", "Tyuiu.PlatonovMV.Sprint2.Task3.V1.Lib\Tyuiu.PlatonovMV.Sprint2.Task3.V1.Lib.csproj", "{3AF77683-AA89-47B6-80B4-A0527390C984}"
EndProject
Project("{2150E333-8FDC-42A3-9474-1A3956D46DE8}") = "Task4", "Task4", "{389289E0-1ADE-4135-8483-DD4C7A55BB20}"
EndProject
Project("{FAE04EC0-301F-11D3-BF4B-00C04F79EFBC}") = "Tyuiu.PlatonovMV.Sprint2.Task4.V26.Lib", "Tyuiu.PlatonovMV.Sprint2.Task4.V26.Lib\Tyuiu.PlatonovMV.Sprint2.Task4.V26.Lib.csproj", "{E0EC3D8A-2F91-4A02-AD7E-F15E9F3EAEED}"
EndProject
Project("{FAE04EC0-301F-11D3-BF4B-00C04F79EFBC}") = "Tyuiu.PlatonovMV.Sprint2.Task4.V26", "Tyuiu.PlatonovMV.Sprint2.Task4.V26\Tyuiu.PlatonovMV.Sprint2.Task4.V26.csproj", "{60EBB0DB-EC2C-4580-9AC3-00227F8197EA}"
EndProject
Project("{FAE04EC0-301F-11D3-BF4B-00C04F79EFBC}") = "Tyuiu.PlatonovMV.Sprint2.Task4.V26.Test", "Tyuiu.PlatonovMV.Sprint2.Task4.V26.Test\Tyuiu.PlatonovMV.Sprint2.Task4.V26.Test.csproj", "{94E755D6-BAC8-4809-A9DB-9FB0C8779AAE}"
EndProject
Project("{2150E333-8FDC-42A3-9474-1A3956D46DE8}") = "Task5", "Task5", "{F6D63ADA-20E4-473E-9978-8427446C2673}"
EndProject
Project("{FAE04EC0-301F-11D3-BF4B-00C04F79EFBC}") = "Tyuiu.PlatonovMV.Sprint2.Task5.V13.Test", "Tyuiu.PlatonovMV.Sprint2.Task5.V13.Test\Tyuiu.PlatonovMV.Sprint2.Task5.V13.Test.csproj", "{A7F950A9-F747-4F3E-AB60-1D1201EABDF5}"
EndProject
Project("{FAE04EC0-301F-11D3-BF4B-00C04F79EFBC}") = "Tyuiu.PlatonovMV.Sprint2.Task5.V13", "Tyuiu.PlatonovMV.Sprint2.Task5.V13\Tyuiu.PlatonovMV.Sprint2.Task5.V13.csproj", "{FB986706-D5CB-4308-A228-962F27EA984F}"
EndProject
Project("{FAE04EC0-301F-11D3-BF4B-00C04F79EFBC}") = "Tyuiu.PlatonovMV.Sprint2.Task5.V13.Lib", "Tyuiu.PlatonovMV.Sprint2.Task5.V13.Lib\Tyuiu.PlatonovMV.Sprint2.Task5.V13.Lib.csproj", "{D18B6389-7192-416F-A768-86CCBE16BE7C}"
EndProject
Project("{2150E333-8FDC-42A3-9474-1A3956D46DE8}") = "Task6", "Task6", "{05430A26-0317-4B11-9C51-2FCB3AB8A954}"
EndProject
Project("{FAE04EC0-301F-11D3-BF4B-00C04F79EFBC}") = "Tyuiu.PlatonovMV.Sprint2.Task6.V4.Lib", "Tyuiu.PlatonovMV.Sprint2.Task6.V4.Lib\Tyuiu.PlatonovMV.Sprint2.Task6.V4.Lib.csproj", "{3461A863-1865-4120-BE66-6A1D16B718C2}"
EndProject
Project("{FAE04EC0-301F-11D3-BF4B-00C04F79EFBC}") = "Tyuiu.PlatonovMV.Sprint2.Task6.V4", "Tyuiu.PlatonovMV.Sprint2.Task6.V4\Tyuiu.PlatonovMV.Sprint2.Task6.V4.csproj", "{EA4A99B5-7FE5-420F-9A02-6BA162240359}"
EndProject
Project("{FAE04EC0-301F-11D3-BF4B-00C04F79EFBC}") = "Tyuiu.PlatonovMV.Sprint2.Task6.V4.Test", "Tyuiu.PlatonovMV.Sprint2.Task6.V4.Test\Tyuiu.PlatonovMV.Sprint2.Task6.V4.Test.csproj", "{9506D843-6031-4E93-97AF-7B6608C3F1E6}"
EndProject
Global
	GlobalSection(SolutionConfigurationPlatforms) = preSolution
		Debug|Any CPU = Debug|Any CPU
		Release|Any CPU = Release|Any CPU
	EndGlobalSection
	GlobalSection(ProjectConfigurationPlatforms) = postSolution
		{2168742F-3A38-48E9-9CA7-9D2E8CA5280E}.Debug|Any CPU.ActiveCfg = Debug|Any CPU
		{2168742F-3A38-48E9-9CA7-9D2E8CA5280E}.Debug|Any CPU.Build.0 = Debug|Any CPU
		{2168742F-3A38-48E9-9CA7-9D2E8CA5280E}.Release|Any CPU.ActiveCfg = Release|Any CPU
		{2168742F-3A38-48E9-9CA7-9D2E8CA5280E}.Release|Any CPU.Build.0 = Release|Any CPU
		{F8CEFB29-0403-44E1-8AEC-5DE8E92647DC}.Debug|Any CPU.ActiveCfg = Debug|Any CPU
		{F8CEFB29-0403-44E1-8AEC-5DE8E92647DC}.Debug|Any CPU.Build.0 = Debug|Any CPU
		{F8CEFB29-0403-44E1-8AEC-5DE8E92647DC}.Release|Any CPU.ActiveCfg = Release|Any CPU
		{F8CEFB29-0403-44E1-8AEC-5DE8E92647DC}.Release|Any CPU.Build.0 = Release|Any CPU
		{EB2C9B97-2782-4008-9C12-6CA660AE023D}.Debug|Any CPU.ActiveCfg = Debug|Any CPU
		{EB2C9B97-2782-4008-9C12-6CA660AE023D}.Debug|Any CPU.Build.0 = Debug|Any CPU
		{EB2C9B97-2782-4008-9C12-6CA660AE023D}.Release|Any CPU.ActiveCfg = Release|Any CPU
		{EB2C9B97-2782-4008-9C12-6CA660AE023D}.Release|Any CPU.Build.0 = Release|Any CPU
		{ACF77832-C71C-4BF9-9CC6-397D8EE6A9D5}.Debug|Any CPU.ActiveCfg = Debug|Any CPU
		{ACF77832-C71C-4BF9-9CC6-397D8EE6A9D5}.Debug|Any CPU.Build.0 = Debug|Any CPU
		{ACF77832-C71C-4BF9-9CC6-397D8EE6A9D5}.Release|Any CPU.ActiveCfg = Release|Any CPU
		{ACF77832-C71C-4BF9-9CC6-397D8EE6A9D5}.Release|Any CPU.Build.0 = Release|Any CPU
		{A1ACB652-2609-4F28-9CCC-E74CD726563B}.Debug|Any CPU.ActiveCfg = Debug|Any CPU
		{A1ACB652-2609-4F28-9CCC-E74CD726563B}.Debug|Any CPU.Build.0 = Debug|Any CPU
		{A1ACB652-2609-4F28-9CCC-E74CD726563B}.Release|Any CPU.ActiveCfg = Release|Any CPU
		{A1ACB652-2609-4F28-9CCC-E74CD726563B}.Release|Any CPU.Build.0 = Release|Any CPU
		{381F140D-F374-4F01-B048-F439C738C91E}.Debug|Any CPU.ActiveCfg = Debug|Any CPU
		{381F140D-F374-4F01-B048-F439C738C91E}.Debug|Any CPU.Build.0 = Debug|Any CPU
		{381F140D-F374-4F01-B048-F439C738C91E}.Release|Any CPU.ActiveCfg = Release|Any CPU
		{381F140D-F374-4F01-B048-F439C738C91E}.Release|Any CPU.Build.0 = Release|Any CPU
		{8642FCA6-99C0-418A-A607-C00A62AB5F06}.Debug|Any CPU.ActiveCfg = Debug|Any CPU
		{8642FCA6-99C0-418A-A607-C00A62AB5F06}.Debug|Any CPU.Build.0 = Debug|Any CPU
		{8642FCA6-99C0-418A-A607-C00A62AB5F06}.Release|Any CPU.ActiveCfg = Release|Any CPU
		{8642FCA6-99C0-418A-A607-C00A62AB5F06}.Release|Any CPU.Build.0 = Release|Any CPU
		{78B3EF17-4328-44B4-9316-2D3E4C79B9E9}.Debug|Any CPU.ActiveCfg = Debug|Any CPU
		{78B3EF17-4328-44B4-9316-2D3E4C79B9E9}.Debug|Any CPU.Build.0 = Debug|Any CPU
		{78B3EF17-4328-44B4-9316-2D3E4C79B9E9}.Release|Any CPU.ActiveCfg = Release|Any CPU
		{78B3EF17-4328-44B4-9316-2D3E4C79B9E9}.Release|Any CPU.Build.0 = Release|Any CPU
		{7C8FA287-8A49-4E81-983E-7465768E62A0}.Debug|Any CPU.ActiveCfg = Debug|Any CPU
		{7C8FA287-8A49-4E81-983E-7465768E62A0}.Debug|Any CPU.Build.0 = Debug|Any CPU
		{7C8FA287-8A49-4E81-983E-7465768E62A0}.Release|Any CPU.ActiveCfg = Release|Any CPU
		{7C8FA287-8A49-4E81-983E-7465768E62A0}.Release|Any CPU.Build.0 = Release|Any CPU
		{36D4C83B-4355-44F0-B475-EF45E44A3724}.Debug|Any CPU.ActiveCfg = Debug|Any CPU
		{36D4C83B-4355-44F0-B475-EF45E44A3724}.Debug|Any CPU.Build.0 = Debug|Any CPU
		{36D4C83B-4355-44F0-B475-EF45E44A3724}.Release|Any CPU.ActiveCfg = Release|Any CPU
		{36D4C83B-4355-44F0-B475-EF45E44A3724}.Release|Any CPU.Build.0 = Release|Any CPU
		{3EEF7B4B-F8E4-49FD-94A5-73D97094E889}.Debug|Any CPU.ActiveCfg = Debug|Any CPU
		{3EEF7B4B-F8E4-49FD-94A5-73D97094E889}.Debug|Any CPU.Build.0 = Debug|Any CPU
		{3EEF7B4B-F8E4-49FD-94A5-73D97094E889}.Release|Any CPU.ActiveCfg = Release|Any CPU
		{3EEF7B4B-F8E4-49FD-94A5-73D97094E889}.Release|Any CPU.Build.0 = Release|Any CPU
		{3AF77683-AA89-47B6-80B4-A0527390C984}.Debug|Any CPU.ActiveCfg = Debug|Any CPU
		{3AF77683-AA89-47B6-80B4-A0527390C984}.Debug|Any CPU.Build.0 = Debug|Any CPU
		{3AF77683-AA89-47B6-80B4-A0527390C984}.Release|Any CPU.ActiveCfg = Release|Any CPU
		{3AF77683-AA89-47B6-80B4-A0527390C984}.Release|Any CPU.Build.0 = Release|Any CPU
		{E0EC3D8A-2F91-4A02-AD7E-F15E9F3EAEED}.Debug|Any CPU.ActiveCfg = Debug|Any CPU
		{E0EC3D8A-2F91-4A02-AD7E-F15E9F3EAEED}.Debug|Any CPU.Build.0 = Debug|Any CPU
		{E0EC3D8A-2F91-4A02-AD7E-F15E9F3EAEED}.Release|Any CPU.ActiveCfg = Release|Any CPU
		{E0EC3D8A-2F91-4A02-AD7E-F15E9F3EAEED}.Release|Any CPU.Build.0 = Release|Any CPU
		{60EBB0DB-EC2C-4580-9AC3-00227F8197EA}.Debug|Any CPU.ActiveCfg = Debug|Any CPU
		{60EBB0DB-EC2C-4580-9AC3-00227F8197EA}.Debug|Any CPU.Build.0 = Debug|Any CPU
		{60EBB0DB-EC2C-4580-9AC3-00227F8197EA}.Release|Any CPU.ActiveCfg = Release|Any CPU
		{60EBB0DB-EC2C-4580-9AC3-00227F8197EA}.Release|Any CPU.Build.0 = Release|Any CPU
		{94E755D6-BAC8-4809-A9DB-9FB0C8779AAE}.Debug|Any CPU.ActiveCfg = Debug|Any CPU
		{94E755D6-BAC8-4809-A9DB-9FB0C8779AAE}.Debug|Any CPU.Build.0 = Debug|Any CPU
		{94E755D6-BAC8-4809-A9DB-9FB0C8779AAE}.Release|Any CPU.ActiveCfg = Release|Any CPU
		{94E755D6-BAC8-4809-A9DB-9FB0C8779AAE}.Release|Any CPU.Build.0 = Release|Any CPU
		{A7F950A9-F747-4F3E-AB60-1D1201EABDF5}.Debug|Any CPU.ActiveCfg = Debug|Any CPU
		{A7F950A9-F747-4F3E-AB60-1D1201EABDF5}.Debug|Any CPU.Build.0 = Debug|Any CPU
		{A7F950A9-F747-4F3E-AB60-1D1201EABDF5}.Release|Any CPU.ActiveCfg = Release|Any CPU
		{A7F950A9-F747-4F3E-AB60-1D1201EABDF5}.Release|Any CPU.Build.0 = Release|Any CPU
		{FB986706-D5CB-4308-A228-962F27EA984F}.Debug|Any CPU.ActiveCfg = Debug|Any CPU
		{FB986706-D5CB-4308-A228-962F27EA984F}.Debug|Any CPU.Build.0 = Debug|Any CPU
		{FB986706-D5CB-4308-A228-962F27EA984F}.Release|Any CPU.ActiveCfg = Release|Any CPU
		{FB986706-D5CB-4308-A228-962F27EA984F}.Release|Any CPU.Build.0 = Release|Any CPU
		{D18B6389-7192-416F-A768-86CCBE16BE7C}.Debug|Any CPU.ActiveCfg = Debug|Any CPU
		{D18B6389-7192-416F-A768-86CCBE16BE7C}.Debug|Any CPU.Build.0 = Debug|Any CPU
		{D18B6389-7192-416F-A768-86CCBE16BE7C}.Release|Any CPU.ActiveCfg = Release|Any CPU
		{D18B6389-7192-416F-A768-86CCBE16BE7C}.Release|Any CPU.Build.0 = Release|Any CPU
		{3461A863-1865-4120-BE66-6A1D16B718C2}.Debug|Any CPU.ActiveCfg = Debug|Any CPU
		{3461A863-1865-4120-BE66-6A1D16B718C2}.Debug|Any CPU.Build.0 = Debug|Any CPU
		{3461A863-1865-4120-BE66-6A1D16B718C2}.Release|Any CPU.ActiveCfg = Release|Any CPU
		{3461A863-1865-4120-BE66-6A1D16B718C2}.Release|Any CPU.Build.0 = Release|Any CPU
		{EA4A99B5-7FE5-420F-9A02-6BA162240359}.Debug|Any CPU.ActiveCfg = Debug|Any CPU
		{EA4A99B5-7FE5-420F-9A02-6BA162240359}.Debug|Any CPU.Build.0 = Debug|Any CPU
		{EA4A99B5-7FE5-420F-9A02-6BA162240359}.Release|Any CPU.ActiveCfg = Release|Any CPU
		{EA4A99B5-7FE5-420F-9A02-6BA162240359}.Release|Any CPU.Build.0 = Release|Any CPU
		{9506D843-6031-4E93-97AF-7B6608C3F1E6}.Debug|Any CPU.ActiveCfg = Debug|Any CPU
		{9506D843-6031-4E93-97AF-7B6608C3F1E6}.Debug|Any CPU.Build.0 = Debug|Any CPU
		{9506D843-6031-4E93-97AF-7B6608C3F1E6}.Release|Any CPU.ActiveCfg = Release|Any CPU
		{9506D843-6031-4E93-97AF-7B6608C3F1E6}.Release|Any CPU.Build.0 = Release|Any CPU
	EndGlobalSection
	GlobalSection(SolutionProperties) = preSolution
		HideSolutionNode = FALSE
	EndGlobalSection
	GlobalSection(NestedProjects) = preSolution
		{2168742F-3A38-48E9-9CA7-9D2E8CA5280E} = {02EA681E-C7D8-13C7-8484-4AC65E1B71E8}
		{F8CEFB29-0403-44E1-8AEC-5DE8E92647DC} = {02EA681E-C7D8-13C7-8484-4AC65E1B71E8}
		{EB2C9B97-2782-4008-9C12-6CA660AE023D} = {02EA681E-C7D8-13C7-8484-4AC65E1B71E8}
		{ACF77832-C71C-4BF9-9CC6-397D8EE6A9D5} = {ED28D9C9-CFE2-40B5-978C-DD159B01BA34}
		{A1ACB652-2609-4F28-9CCC-E74CD726563B} = {ED28D9C9-CFE2-40B5-978C-DD159B01BA34}
		{381F140D-F374-4F01-B048-F439C738C91E} = {ED28D9C9-CFE2-40B5-978C-DD159B01BA34}
		{8642FCA6-99C0-418A-A607-C00A62AB5F06} = {F205AEA6-AD97-4295-A9C4-8C628F2DAA35}
		{78B3EF17-4328-44B4-9316-2D3E4C79B9E9} = {F205AEA6-AD97-4295-A9C4-8C628F2DAA35}
		{7C8FA287-8A49-4E81-983E-7465768E62A0} = {F205AEA6-AD97-4295-A9C4-8C628F2DAA35}
		{36D4C83B-4355-44F0-B475-EF45E44A3724} = {5907661B-4419-4B28-82BC-EFB39935CA87}
		{3EEF7B4B-F8E4-49FD-94A5-73D97094E889} = {5907661B-4419-4B28-82BC-EFB39935CA87}
		{3AF77683-AA89-47B6-80B4-A0527390C984} = {5907661B-4419-4B28-82BC-EFB39935CA87}
		{E0EC3D8A-2F91-4A02-AD7E-F15E9F3EAEED} = {389289E0-1ADE-4135-8483-DD4C7A55BB20}
		{60EBB0DB-EC2C-4580-9AC3-00227F8197EA} = {389289E0-1ADE-4135-8483-DD4C7A55BB20}
		{94E755D6-BAC8-4809-A9DB-9FB0C8779AAE} = {389289E0-1ADE-4135-8483-DD4C7A55BB20}
		{A7F950A9-F747-4F3E-AB60-1D1201EABDF5} = {F6D63ADA-20E4-473E-9978-8427446C2673}
		{FB986706-D5CB-4308-A228-962F27EA984F} = {F6D63ADA-20E4-473E-9978-8427446C2673}
		{D18B6389-7192-416F-A768-86CCBE16BE7C} = {F6D63ADA-20E4-473E-9978-8427446C2673}
		{3461A863-1865-4120-BE66-6A1D16B718C2} = {05430A26-0317-4B11-9C51-2FCB3AB8A954}
		{EA4A99B5-7FE5-420F-9A02-6BA162240359} = {05430A26-0317-4B11-9C51-2FCB3AB8A954}
		{9506D843-6031-4E93-97AF-7B6608C3F1E6} = {05430A26-0317-4B11-9C51-2FCB3AB8A954}
	EndGlobalSection
	GlobalSection(ExtensibilityGlobals) = postSolution
		SolutionGuid = {5AAE276F-BF89-4B89-9785-1D7C020F3F1E}
	EndGlobalSection
EndGlobal
